
Microsoft Visual Studio Solution File, Format Version 12.00
# Visual Studio Version 16
Project("{FAE04EC0-301F-11D3-BF4B-00C04F79EFBC}") = "XamRobot", "XamRobot\XamRobot\XamRobot.csproj", "{BFE7C0D2-0D43-41D1-AB5A-753C67389A5D}"
EndProject
Project("{FAE04EC0-301F-11D3-BF4B-00C04F79EFBC}") = "XamRobot.Droid", "XamRobot\XamRobot.Droid\XamRobot.Droid.csproj", "{01139A30-5147-4AAF-88F2-114A3E775131}"
EndProject
Project("{FAE04EC0-301F-11D3-BF4B-00C04F79EFBC}") = "XamRobot.iOS", "XamRobot\XamRobot.iOS\XamRobot.iOS.csproj", "{133A9775-C73C-47BA-B3E2-D78E7B521B71}"
EndProject
Project("{FAE04EC0-301F-11D3-BF4B-00C04F79EFBC}") = "XR.ViewModels", "XR.ViewModels\XR.ViewModels.csproj", "{5F7AAF49-F533-4AAB-9B39-B24D741664C3}"
EndProject
Project("{FAE04EC0-301F-11D3-BF4B-00C04F79EFBC}") = "XR.Service", "XR.Service\XR.Service.csproj", "{4211DEE6-744F-4B66-810E-099339F58893}"
EndProject
Project("{2150E333-8FDC-42A3-9474-1A3956D46DE8}") = "Solution Items", "Solution Items", "{273549DF-D88C-4E0F-8C5B-64F9F6448982}"
	ProjectSection(SolutionItems) = preProject
		README.md = README.md
	EndProjectSection
EndProject
Project("{2150E333-8FDC-42A3-9474-1A3956D46DE8}") = "src", "src", "{8BD40A8E-BAD8-4ECF-A40E-0C67A41FC51A}"
EndProject
Global
	GlobalSection(SolutionConfigurationPlatforms) = preSolution
		Ad-Hoc|iPhone = Ad-Hoc|iPhone
		AppStore|iPhone = AppStore|iPhone
		Debug|Any CPU = Debug|Any CPU
		Debug|iPhone = Debug|iPhone
		Debug|iPhoneSimulator = Debug|iPhoneSimulator
		Release|Any CPU = Release|Any CPU
		Release|iPhone = Release|iPhone
		Release|iPhoneSimulator = Release|iPhoneSimulator
	EndGlobalSection
	GlobalSection(ProjectConfigurationPlatforms) = postSolution
		{BFE7C0D2-0D43-41D1-AB5A-753C67389A5D}.Ad-Hoc|iPhone.ActiveCfg = Debug|Any CPU
		{BFE7C0D2-0D43-41D1-AB5A-753C67389A5D}.Ad-Hoc|iPhone.Build.0 = Debug|Any CPU
		{BFE7C0D2-0D43-41D1-AB5A-753C67389A5D}.AppStore|iPhone.ActiveCfg = Debug|Any CPU
		{BFE7C0D2-0D43-41D1-AB5A-753C67389A5D}.AppStore|iPhone.Build.0 = Debug|Any CPU
		{BFE7C0D2-0D43-41D1-AB5A-753C67389A5D}.Debug|Any CPU.ActiveCfg = Debug|Any CPU
		{BFE7C0D2-0D43-41D1-AB5A-753C67389A5D}.Debug|Any CPU.Build.0 = Debug|Any CPU
		{BFE7C0D2-0D43-41D1-AB5A-753C67389A5D}.Debug|iPhone.ActiveCfg = Debug|Any CPU
		{BFE7C0D2-0D43-41D1-AB5A-753C67389A5D}.Debug|iPhone.Build.0 = Debug|Any CPU
		{BFE7C0D2-0D43-41D1-AB5A-753C67389A5D}.Debug|iPhoneSimulator.ActiveCfg = Debug|Any CPU
		{BFE7C0D2-0D43-41D1-AB5A-753C67389A5D}.Debug|iPhoneSimulator.Build.0 = Debug|Any CPU
		{BFE7C0D2-0D43-41D1-AB5A-753C67389A5D}.Release|Any CPU.ActiveCfg = Release|Any CPU
		{BFE7C0D2-0D43-41D1-AB5A-753C67389A5D}.Release|Any CPU.Build.0 = Release|Any CPU
		{BFE7C0D2-0D43-41D1-AB5A-753C67389A5D}.Release|iPhone.ActiveCfg = Release|Any CPU
		{BFE7C0D2-0D43-41D1-AB5A-753C67389A5D}.Release|iPhone.Build.0 = Release|Any CPU
		{BFE7C0D2-0D43-41D1-AB5A-753C67389A5D}.Release|iPhoneSimulator.ActiveCfg = Release|Any CPU
		{BFE7C0D2-0D43-41D1-AB5A-753C67389A5D}.Release|iPhoneSimulator.Build.0 = Release|Any CPU
		{01139A30-5147-4AAF-88F2-114A3E775131}.Ad-Hoc|iPhone.ActiveCfg = Debug|Any CPU
		{01139A30-5147-4AAF-88F2-114A3E775131}.Ad-Hoc|iPhone.Build.0 = Debug|Any CPU
		{01139A30-5147-4AAF-88F2-114A3E775131}.Ad-Hoc|iPhone.Deploy.0 = Debug|Any CPU
		{01139A30-5147-4AAF-88F2-114A3E775131}.AppStore|iPhone.ActiveCfg = Debug|Any CPU
		{01139A30-5147-4AAF-88F2-114A3E775131}.AppStore|iPhone.Build.0 = Debug|Any CPU
		{01139A30-5147-4AAF-88F2-114A3E775131}.AppStore|iPhone.Deploy.0 = Debug|Any CPU
		{01139A30-5147-4AAF-88F2-114A3E775131}.Debug|Any CPU.ActiveCfg = Debug|Any CPU
		{01139A30-5147-4AAF-88F2-114A3E775131}.Debug|Any CPU.Build.0 = Debug|Any CPU
		{01139A30-5147-4AAF-88F2-114A3E775131}.Debug|Any CPU.Deploy.0 = Debug|Any CPU
		{01139A30-5147-4AAF-88F2-114A3E775131}.Debug|iPhone.ActiveCfg = Debug|Any CPU
		{01139A30-5147-4AAF-88F2-114A3E775131}.Debug|iPhone.Build.0 = Debug|Any CPU
		{01139A30-5147-4AAF-88F2-114A3E775131}.Debug|iPhone.Deploy.0 = Debug|Any CPU
		{01139A30-5147-4AAF-88F2-114A3E775131}.Debug|iPhoneSimulator.ActiveCfg = Debug|Any CPU
		{01139A30-5147-4AAF-88F2-114A3E775131}.Debug|iPhoneSimulator.Build.0 = Debug|Any CPU
		{01139A30-5147-4AAF-88F2-114A3E775131}.Debug|iPhoneSimulator.Deploy.0 = Debug|Any CPU
		{01139A30-5147-4AAF-88F2-114A3E775131}.Release|Any CPU.ActiveCfg = Release|Any CPU
		{01139A30-5147-4AAF-88F2-114A3E775131}.Release|Any CPU.Build.0 = Release|Any CPU
		{01139A30-5147-4AAF-88F2-114A3E775131}.Release|Any CPU.Deploy.0 = Release|Any CPU
		{01139A30-5147-4AAF-88F2-114A3E775131}.Release|iPhone.ActiveCfg = Release|Any CPU
		{01139A30-5147-4AAF-88F2-114A3E775131}.Release|iPhone.Build.0 = Release|Any CPU
		{01139A30-5147-4AAF-88F2-114A3E775131}.Release|iPhone.Deploy.0 = Release|Any CPU
		{01139A30-5147-4AAF-88F2-114A3E775131}.Release|iPhoneSimulator.ActiveCfg = Release|Any CPU
		{01139A30-5147-4AAF-88F2-114A3E775131}.Release|iPhoneSimulator.Build.0 = Release|Any CPU
		{01139A30-5147-4AAF-88F2-114A3E775131}.Release|iPhoneSimulator.Deploy.0 = Release|Any CPU
		{133A9775-C73C-47BA-B3E2-D78E7B521B71}.Ad-Hoc|iPhone.ActiveCfg = Ad-Hoc|iPhone
		{133A9775-C73C-47BA-B3E2-D78E7B521B71}.Ad-Hoc|iPhone.Build.0 = Ad-Hoc|iPhone
		{133A9775-C73C-47BA-B3E2-D78E7B521B71}.Ad-Hoc|iPhone.Deploy.0 = Ad-Hoc|iPhone
		{133A9775-C73C-47BA-B3E2-D78E7B521B71}.AppStore|iPhone.ActiveCfg = AppStore|iPhone
		{133A9775-C73C-47BA-B3E2-D78E7B521B71}.AppStore|iPhone.Build.0 = AppStore|iPhone
		{133A9775-C73C-47BA-B3E2-D78E7B521B71}.AppStore|iPhone.Deploy.0 = AppStore|iPhone
		{133A9775-C73C-47BA-B3E2-D78E7B521B71}.Debug|Any CPU.ActiveCfg = Debug|iPhoneSimulator
		{133A9775-C73C-47BA-B3E2-D78E7B521B71}.Debug|Any CPU.Build.0 = Debug|iPhoneSimulator
		{133A9775-C73C-47BA-B3E2-D78E7B521B71}.Debug|Any CPU.Deploy.0 = Debug|iPhoneSimulator
		{133A9775-C73C-47BA-B3E2-D78E7B521B71}.Debug|iPhone.ActiveCfg = Debug|iPhone
		{133A9775-C73C-47BA-B3E2-D78E7B521B71}.Debug|iPhone.Build.0 = Debug|iPhone
		{133A9775-C73C-47BA-B3E2-D78E7B521B71}.Debug|iPhone.Deploy.0 = Debug|iPhone
		{133A9775-C73C-47BA-B3E2-D78E7B521B71}.Debug|iPhoneSimulator.ActiveCfg = Debug|iPhoneSimulator
		{133A9775-C73C-47BA-B3E2-D78E7B521B71}.Debug|iPhoneSimulator.Build.0 = Debug|iPhoneSimulator
		{133A9775-C73C-47BA-B3E2-D78E7B521B71}.Debug|iPhoneSimulator.Deploy.0 = Debug|iPhoneSimulator
		{133A9775-C73C-47BA-B3E2-D78E7B521B71}.Release|Any CPU.ActiveCfg = Release|iPhoneSimulator
		{133A9775-C73C-47BA-B3E2-D78E7B521B71}.Release|Any CPU.Build.0 = Release|iPhoneSimulator
		{133A9775-C73C-47BA-B3E2-D78E7B521B71}.Release|Any CPU.Deploy.0 = Release|iPhoneSimulator
		{133A9775-C73C-47BA-B3E2-D78E7B521B71}.Release|iPhone.ActiveCfg = Release|iPhone
		{133A9775-C73C-47BA-B3E2-D78E7B521B71}.Release|iPhone.Build.0 = Release|iPhone
		{133A9775-C73C-47BA-B3E2-D78E7B521B71}.Release|iPhone.Deploy.0 = Release|iPhone
		{133A9775-C73C-47BA-B3E2-D78E7B521B71}.Release|iPhoneSimulator.ActiveCfg = Release|iPhoneSimulator
		{133A9775-C73C-47BA-B3E2-D78E7B521B71}.Release|iPhoneSimulator.Build.0 = Release|iPhoneSimulator
		{133A9775-C73C-47BA-B3E2-D78E7B521B71}.Release|iPhoneSimulator.Deploy.0 = Release|iPhoneSimulator
		{5F7AAF49-F533-4AAB-9B39-B24D741664C3}.Ad-Hoc|iPhone.ActiveCfg = Debug|Any CPU
		{5F7AAF49-F533-4AAB-9B39-B24D741664C3}.Ad-Hoc|iPhone.Build.0 = Debug|Any CPU
		{5F7AAF49-F533-4AAB-9B39-B24D741664C3}.AppStore|iPhone.ActiveCfg = Debug|Any CPU
		{5F7AAF49-F533-4AAB-9B39-B24D741664C3}.AppStore|iPhone.Build.0 = Debug|Any CPU
		{5F7AAF49-F533-4AAB-9B39-B24D741664C3}.Debug|Any CPU.ActiveCfg = Debug|Any CPU
		{5F7AAF49-F533-4AAB-9B39-B24D741664C3}.Debug|Any CPU.Build.0 = Debug|Any CPU
		{5F7AAF49-F533-4AAB-9B39-B24D741664C3}.Debug|iPhone.ActiveCfg = Debug|Any CPU
		{5F7AAF49-F533-4AAB-9B39-B24D741664C3}.Debug|iPhone.Build.0 = Debug|Any CPU
		{5F7AAF49-F533-4AAB-9B39-B24D741664C3}.Debug|iPhoneSimulator.ActiveCfg = Debug|Any CPU
		{5F7AAF49-F533-4AAB-9B39-B24D741664C3}.Debug|iPhoneSimulator.Build.0 = Debug|Any CPU
		{5F7AAF49-F533-4AAB-9B39-B24D741664C3}.Release|Any CPU.ActiveCfg = Release|Any CPU
		{5F7AAF49-F533-4AAB-9B39-B24D741664C3}.Release|Any CPU.Build.0 = Release|Any CPU
		{5F7AAF49-F533-4AAB-9B39-B24D741664C3}.Release|iPhone.ActiveCfg = Release|Any CPU
		{5F7AAF49-F533-4AAB-9B39-B24D741664C3}.Release|iPhone.Build.0 = Release|Any CPU
		{5F7AAF49-F533-4AAB-9B39-B24D741664C3}.Release|iPhoneSimulator.ActiveCfg = Release|Any CPU
		{5F7AAF49-F533-4AAB-9B39-B24D741664C3}.Release|iPhoneSimulator.Build.0 = Release|Any CPU
		{4211DEE6-744F-4B66-810E-099339F58893}.Ad-Hoc|iPhone.ActiveCfg = Debug|Any CPU
		{4211DEE6-744F-4B66-810E-099339F58893}.Ad-Hoc|iPhone.Build.0 = Debug|Any CPU
		{4211DEE6-744F-4B66-810E-099339F58893}.AppStore|iPhone.ActiveCfg = Debug|Any CPU
		{4211DEE6-744F-4B66-810E-099339F58893}.AppStore|iPhone.Build.0 = Debug|Any CPU
		{4211DEE6-744F-4B66-810E-099339F58893}.Debug|Any CPU.ActiveCfg = Debug|Any CPU
		{4211DEE6-744F-4B66-810E-099339F58893}.Debug|Any CPU.Build.0 = Debug|Any CPU
		{4211DEE6-744F-4B66-810E-099339F58893}.Debug|iPhone.ActiveCfg = Debug|Any CPU
		{4211DEE6-744F-4B66-810E-099339F58893}.Debug|iPhone.Build.0 = Debug|Any CPU
		{4211DEE6-744F-4B66-810E-099339F58893}.Debug|iPhoneSimulator.ActiveCfg = Debug|Any CPU
		{4211DEE6-744F-4B66-810E-099339F58893}.Debug|iPhoneSimulator.Build.0 = Debug|Any CPU
		{4211DEE6-744F-4B66-810E-099339F58893}.Release|Any CPU.ActiveCfg = Release|Any CPU
		{4211DEE6-744F-4B66-810E-099339F58893}.Release|Any CPU.Build.0 = Release|Any CPU
		{4211DEE6-744F-4B66-810E-099339F58893}.Release|iPhone.ActiveCfg = Release|Any CPU
		{4211DEE6-744F-4B66-810E-099339F58893}.Release|iPhone.Build.0 = Release|Any CPU
		{4211DEE6-744F-4B66-810E-099339F58893}.Release|iPhoneSimulator.ActiveCfg = Release|Any CPU
		{4211DEE6-744F-4B66-810E-099339F58893}.Release|iPhoneSimulator.Build.0 = Release|Any CPU
	EndGlobalSection
	GlobalSection(NestedProjects) = preSolution
		{BFE7C0D2-0D43-41D1-AB5A-753C67389A5D} = {8BD40A8E-BAD8-4ECF-A40E-0C67A41FC51A}
		{01139A30-5147-4AAF-88F2-114A3E775131} = {8BD40A8E-BAD8-4ECF-A40E-0C67A41FC51A}
		{133A9775-C73C-47BA-B3E2-D78E7B521B71} = {8BD40A8E-BAD8-4ECF-A40E-0C67A41FC51A}
		{4211DEE6-744F-4B66-810E-099339F58893} = {8BD40A8E-BAD8-4ECF-A40E-0C67A41FC51A}
		{5F7AAF49-F533-4AAB-9B39-B24D741664C3} = {8BD40A8E-BAD8-4ECF-A40E-0C67A41FC51A}
	EndGlobalSection
EndGlobal
